// !$*UTF8*$!
{
	archiveVersion = 1;
	classes = {
	};
	objectVersion = 50;
	objects = {

/* Begin PBXBuildFile section */
		324CAA3F2118DD4600F96BB9 /* AppDelegate.swift in Sources */ = {isa = PBXBuildFile; fileRef = 324CAA3E2118DD4600F96BB9 /* AppDelegate.swift */; };
		324CAA412118DD4600F96BB9 /* ViewController.swift in Sources */ = {isa = PBXBuildFile; fileRef = 324CAA402118DD4600F96BB9 /* ViewController.swift */; };
		324CAA442118DD4600F96BB9 /* Main.storyboard in Resources */ = {isa = PBXBuildFile; fileRef = 324CAA422118DD4600F96BB9 /* Main.storyboard */; };
		324CAA462118DD5100F96BB9 /* Assets.xcassets in Resources */ = {isa = PBXBuildFile; fileRef = 324CAA452118DD5100F96BB9 /* Assets.xcassets */; };
		324CAA492118DD5100F96BB9 /* LaunchScreen.storyboard in Resources */ = {isa = PBXBuildFile; fileRef = 324CAA472118DD5100F96BB9 /* LaunchScreen.storyboard */; };
		325BF77721276EAF00BE5F95 /* Modelo.swift in Sources */ = {isa = PBXBuildFile; fileRef = 325BF77621276EAF00BE5F95 /* Modelo.swift */; };
		32E08ACA2118E37400F3EF66 /* CropViewController.swift in Sources */ = {isa = PBXBuildFile; fileRef = 32E08AC92118E37400F3EF66 /* CropViewController.swift */; };
		50C99A381DA6B06D75639358 /* Pods_Cropper.framework in Frameworks */ = {isa = PBXBuildFile; fileRef = 74994CCDE8175746F6157649 /* Pods_Cropper.framework */; };
		98607D49215037A100E8C7D3 /* SeleccionarMedidaViewController.swift in Sources */ = {isa = PBXBuildFile; fileRef = 98607D48215037A100E8C7D3 /* SeleccionarMedidaViewController.swift */; };
/* End PBXBuildFile section */

/* Begin PBXFileReference section */
		324CAA3B2118DD4600F96BB9 /* Cropper.app */ = {isa = PBXFileReference; explicitFileType = wrapper.application; includeInIndex = 0; path = Cropper.app; sourceTree = BUILT_PRODUCTS_DIR; };
		324CAA3E2118DD4600F96BB9 /* AppDelegate.swift */ = {isa = PBXFileReference; lastKnownFileType = sourcecode.swift; path = AppDelegate.swift; sourceTree = "<group>"; };
		324CAA402118DD4600F96BB9 /* ViewController.swift */ = {isa = PBXFileReference; lastKnownFileType = sourcecode.swift; path = ViewController.swift; sourceTree = "<group>"; };
		324CAA432118DD4600F96BB9 /* Base */ = {isa = PBXFileReference; lastKnownFileType = file.storyboard; name = Base; path = Base.lproj/Main.storyboard; sourceTree = "<group>"; };
		324CAA452118DD5100F96BB9 /* Assets.xcassets */ = {isa = PBXFileReference; lastKnownFileType = folder.assetcatalog; path = Assets.xcassets; sourceTree = "<group>"; };
		324CAA482118DD5100F96BB9 /* Base */ = {isa = PBXFileReference; lastKnownFileType = file.storyboard; name = Base; path = Base.lproj/LaunchScreen.storyboard; sourceTree = "<group>"; };
		324CAA4A2118DD5100F96BB9 /* Info.plist */ = {isa = PBXFileReference; lastKnownFileType = text.plist.xml; path = Info.plist; sourceTree = "<group>"; };
		325BF77621276EAF00BE5F95 /* Modelo.swift */ = {isa = PBXFileReference; lastKnownFileType = sourcecode.swift; path = Modelo.swift; sourceTree = "<group>"; };
		32E08AC92118E37400F3EF66 /* CropViewController.swift */ = {isa = PBXFileReference; lastKnownFileType = sourcecode.swift; path = CropViewController.swift; sourceTree = "<group>"; };
		74994CCDE8175746F6157649 /* Pods_Cropper.framework */ = {isa = PBXFileReference; explicitFileType = wrapper.framework; includeInIndex = 0; path = Pods_Cropper.framework; sourceTree = BUILT_PRODUCTS_DIR; };
		8EE8D49222C88D0E7A0284C5 /* Pods-Cropper.release.xcconfig */ = {isa = PBXFileReference; includeInIndex = 1; lastKnownFileType = text.xcconfig; name = "Pods-Cropper.release.xcconfig"; path = "Pods/Target Support Files/Pods-Cropper/Pods-Cropper.release.xcconfig"; sourceTree = "<group>"; };
		98607D48215037A100E8C7D3 /* SeleccionarMedidaViewController.swift */ = {isa = PBXFileReference; lastKnownFileType = sourcecode.swift; path = SeleccionarMedidaViewController.swift; sourceTree = "<group>"; };
		E0B268C5B4235DBC2C924EF1 /* Pods-Cropper.debug.xcconfig */ = {isa = PBXFileReference; includeInIndex = 1; lastKnownFileType = text.xcconfig; name = "Pods-Cropper.debug.xcconfig"; path = "Pods/Target Support Files/Pods-Cropper/Pods-Cropper.debug.xcconfig"; sourceTree = "<group>"; };
/* End PBXFileReference section */

/* Begin PBXFrameworksBuildPhase section */
		324CAA382118DD4600F96BB9 /* Frameworks */ = {
			isa = PBXFrameworksBuildPhase;
			buildActionMask = 2147483647;
			files = (
				50C99A381DA6B06D75639358 /* Pods_Cropper.framework in Frameworks */,
			);
			runOnlyForDeploymentPostprocessing = 0;
		};
/* End PBXFrameworksBuildPhase section */

/* Begin PBXGroup section */
		324CAA322118DD4600F96BB9 = {
			isa = PBXGroup;
			children = (
				324CAA3D2118DD4600F96BB9 /* Cropper */,
				324CAA3C2118DD4600F96BB9 /* Products */,
				A42468704B59E528D64EB4A9 /* Pods */,
				8D4C289982DCEA23F118EEBE /* Frameworks */,
			);
			sourceTree = "<group>";
		};
		324CAA3C2118DD4600F96BB9 /* Products */ = {
			isa = PBXGroup;
			children = (
				324CAA3B2118DD4600F96BB9 /* Cropper.app */,
			);
			name = Products;
			sourceTree = "<group>";
		};
		324CAA3D2118DD4600F96BB9 /* Cropper */ = {
			isa = PBXGroup;
			children = (
				324CAA3E2118DD4600F96BB9 /* AppDelegate.swift */,
				98607D48215037A100E8C7D3 /* SeleccionarMedidaViewController.swift */,
				324CAA402118DD4600F96BB9 /* ViewController.swift */,
				32E08AC92118E37400F3EF66 /* CropViewController.swift */,
				325BF77621276EAF00BE5F95 /* Modelo.swift */,
				324CAA422118DD4600F96BB9 /* Main.storyboard */,
				324CAA472118DD5100F96BB9 /* LaunchScreen.storyboard */,
				324CAA4A2118DD5100F96BB9 /* Info.plist */,
				324CAA452118DD5100F96BB9 /* Assets.xcassets */,
			);
			path = Cropper;
			sourceTree = "<group>";
		};
		8D4C289982DCEA23F118EEBE /* Frameworks */ = {
			isa = PBXGroup;
			children = (
				74994CCDE8175746F6157649 /* Pods_Cropper.framework */,
			);
			name = Frameworks;
			sourceTree = "<group>";
		};
		A42468704B59E528D64EB4A9 /* Pods */ = {
			isa = PBXGroup;
			children = (
				E0B268C5B4235DBC2C924EF1 /* Pods-Cropper.debug.xcconfig */,
				8EE8D49222C88D0E7A0284C5 /* Pods-Cropper.release.xcconfig */,
			);
			name = Pods;
			sourceTree = "<group>";
		};
/* End PBXGroup section */

/* Begin PBXNativeTarget section */
		324CAA3A2118DD4600F96BB9 /* Cropper */ = {
			isa = PBXNativeTarget;
			buildConfigurationList = 324CAA4D2118DD5100F96BB9 /* Build configuration list for PBXNativeTarget "Cropper" */;
			buildPhases = (
				FBF3D1F7D148682EE9ABC4BC /* [CP] Check Pods Manifest.lock */,
				324CAA372118DD4600F96BB9 /* Sources */,
				324CAA382118DD4600F96BB9 /* Frameworks */,
				324CAA392118DD4600F96BB9 /* Resources */,
				C09675D0B7BD1920D455773B /* [CP] Embed Pods Frameworks */,
				D7504B96811AB9718784115F /* [CP] Copy Pods Resources */,
			);
			buildRules = (
			);
			dependencies = (
			);
			name = Cropper;
			productName = Cropper;
			productReference = 324CAA3B2118DD4600F96BB9 /* Cropper.app */;
			productType = "com.apple.product-type.application";
		};
/* End PBXNativeTarget section */

/* Begin PBXProject section */
		324CAA332118DD4600F96BB9 /* Project object */ = {
			isa = PBXProject;
			attributes = {
				LastSwiftUpdateCheck = 0940;
				LastUpgradeCheck = 0940;
				ORGANIZATIONNAME = "Manuela Garcia";
				TargetAttributes = {
					324CAA3A2118DD4600F96BB9 = {
						CreatedOnToolsVersion = 9.4.1;
					};
				};
			};
			buildConfigurationList = 324CAA362118DD4600F96BB9 /* Build configuration list for PBXProject "Cropper" */;
			compatibilityVersion = "Xcode 9.3";
			developmentRegion = en;
			hasScannedForEncodings = 0;
			knownRegions = (
				en,
				Base,
			);
			mainGroup = 324CAA322118DD4600F96BB9;
			productRefGroup = 324CAA3C2118DD4600F96BB9 /* Products */;
			projectDirPath = "";
			projectRoot = "";
			targets = (
				324CAA3A2118DD4600F96BB9 /* Cropper */,
			);
		};
/* End PBXProject section */

/* Begin PBXResourcesBuildPhase section */
		324CAA392118DD4600F96BB9 /* Resources */ = {
			isa = PBXResourcesBuildPhase;
			buildActionMask = 2147483647;
			files = (
				324CAA492118DD5100F96BB9 /* LaunchScreen.storyboard in Resources */,
				324CAA462118DD5100F96BB9 /* Assets.xcassets in Resources */,
				324CAA442118DD4600F96BB9 /* Main.storyboard in Resources */,
			);
			runOnlyForDeploymentPostprocessing = 0;
		};
/* End PBXResourcesBuildPhase section */

/* Begin PBXShellScriptBuildPhase section */
		C09675D0B7BD1920D455773B /* [CP] Embed Pods Frameworks */ = {
			isa = PBXShellScriptBuildPhase;
			buildActionMask = 2147483647;
			files = (
			);
			inputPaths = (
				"${SRCROOT}/Pods/Target Support Files/Pods-Cropper/Pods-Cropper-frameworks.sh",
				"${BUILT_PRODUCTS_DIR}/HorizontalDial/HorizontalDial.framework",
				"${BUILT_PRODUCTS_DIR}/IGRPhotoTweaks/IGRPhotoTweaks.framework",
			);
			name = "[CP] Embed Pods Frameworks";
			outputPaths = (
				"${TARGET_BUILD_DIR}/${FRAMEWORKS_FOLDER_PATH}/HorizontalDial.framework",
				"${TARGET_BUILD_DIR}/${FRAMEWORKS_FOLDER_PATH}/IGRPhotoTweaks.framework",
			);
			runOnlyForDeploymentPostprocessing = 0;
			shellPath = /bin/sh;
			shellScript = "\"${SRCROOT}/Pods/Target Support Files/Pods-Cropper/Pods-Cropper-frameworks.sh\"\n";
			showEnvVarsInLog = 0;
		};
		D7504B96811AB9718784115F /* [CP] Copy Pods Resources */ = {
			isa = PBXShellScriptBuildPhase;
			buildActionMask = 2147483647;
			files = (
			);
			inputPaths = (
			);
			name = "[CP] Copy Pods Resources";
			outputPaths = (
			);
			runOnlyForDeploymentPostprocessing = 0;
			shellPath = /bin/sh;
			shellScript = "\"${SRCROOT}/Pods/Target Support Files/Pods-Cropper/Pods-Cropper-resources.sh\"\n";
			showEnvVarsInLog = 0;
		};
		FBF3D1F7D148682EE9ABC4BC /* [CP] Check Pods Manifest.lock */ = {
			isa = PBXShellScriptBuildPhase;
			buildActionMask = 2147483647;
			files = (
			);
			inputPaths = (
				"${PODS_PODFILE_DIR_PATH}/Podfile.lock",
				"${PODS_ROOT}/Manifest.lock",
			);
			name = "[CP] Check Pods Manifest.lock";
			outputPaths = (
				"$(DERIVED_FILE_DIR)/Pods-Cropper-checkManifestLockResult.txt",
			);
			runOnlyForDeploymentPostprocessing = 0;
			shellPath = /bin/sh;
			shellScript = "diff \"${PODS_PODFILE_DIR_PATH}/Podfile.lock\" \"${PODS_ROOT}/Manifest.lock\" > /dev/null\nif [ $? != 0 ] ; then\n    # print error to STDERR\n    echo \"error: The sandbox is not in sync with the Podfile.lock. Run 'pod install' or update your CocoaPods installation.\" >&2\n    exit 1\nfi\n# This output is used by Xcode 'outputs' to avoid re-running this script phase.\necho \"SUCCESS\" > \"${SCRIPT_OUTPUT_FILE_0}\"\n";
			showEnvVarsInLog = 0;
		};
/* End PBXShellScriptBuildPhase section */

/* Begin PBXSourcesBuildPhase section */
		324CAA372118DD4600F96BB9 /* Sources */ = {
			isa = PBXSourcesBuildPhase;
			buildActionMask = 2147483647;
			files = (
				324CAA412118DD4600F96BB9 /* ViewController.swift in Sources */,
				98607D49215037A100E8C7D3 /* SeleccionarMedidaViewController.swift in Sources */,
				324CAA3F2118DD4600F96BB9 /* AppDelegate.swift in Sources */,
				32E08ACA2118E37400F3EF66 /* CropViewController.swift in Sources */,
				325BF77721276EAF00BE5F95 /* Modelo.swift in Sources */,
			);
			runOnlyForDeploymentPostprocessing = 0;
		};
/* End PBXSourcesBuildPhase section */

/* Begin PBXVariantGroup section */
		324CAA422118DD4600F96BB9 /* Main.storyboard */ = {
			isa = PBXVariantGroup;
			children = (
				324CAA432118DD4600F96BB9 /* Base */,
			);
			name = Main.storyboard;
			sourceTree = "<group>";
		};
		324CAA472118DD5100F96BB9 /* LaunchScreen.storyboard */ = {
			isa = PBXVariantGroup;
			children = (
				324CAA482118DD5100F96BB9 /* Base */,
			);
			name = LaunchScreen.storyboard;
			sourceTree = "<group>";
		};
/* End PBXVariantGroup section */

/* Begin XCBuildConfiguration section */
		324CAA4B2118DD5100F96BB9 /* Debug */ = {
			isa = XCBuildConfiguration;
			buildSettings = {
				ALWAYS_SEARCH_USER_PATHS = NO;
				CLANG_ANALYZER_NONNULL = YES;
				CLANG_ANALYZER_NUMBER_OBJECT_CONVERSION = YES_AGGRESSIVE;
				CLANG_CXX_LANGUAGE_STANDARD = "gnu++14";
				CLANG_CXX_LIBRARY = "libc++";
				CLANG_ENABLE_MODULES = YES;
				CLANG_ENABLE_OBJC_ARC = YES;
				CLANG_ENABLE_OBJC_WEAK = YES;
				CLANG_WARN_BLOCK_CAPTURE_AUTORELEASING = YES;
				CLANG_WARN_BOOL_CONVERSION = YES;
				CLANG_WARN_COMMA = YES;
				CLANG_WARN_CONSTANT_CONVERSION = YES;
				CLANG_WARN_DEPRECATED_OBJC_IMPLEMENTATIONS = YES;
				CLANG_WARN_DIRECT_OBJC_ISA_USAGE = YES_ERROR;
				CLANG_WARN_DOCUMENTATION_COMMENTS = YES;
				CLANG_WARN_EMPTY_BODY = YES;
				CLANG_WARN_ENUM_CONVERSION = YES;
				CLANG_WARN_INFINITE_RECURSION = YES;
				CLANG_WARN_INT_CONVERSION = YES;
				CLANG_WARN_NON_LITERAL_NULL_CONVERSION = YES;
				CLANG_WARN_OBJC_IMPLICIT_RETAIN_SELF = YES;
				CLANG_WARN_OBJC_LITERAL_CONVERSION = YES;
				CLANG_WARN_OBJC_ROOT_CLASS = YES_ERROR;
				CLANG_WARN_RANGE_LOOP_ANALYSIS = YES;
				CLANG_WARN_STRICT_PROTOTYPES = YES;
				CLANG_WARN_SUSPICIOUS_MOVE = YES;
				CLANG_WARN_UNGUARDED_AVAILABILITY = YES_AGGRESSIVE;
				CLANG_WARN_UNREACHABLE_CODE = YES;
				CLANG_WARN__DUPLICATE_METHOD_MATCH = YES;
				CODE_SIGN_IDENTITY = "iPhone Developer";
				COPY_PHASE_STRIP = NO;
				DEBUG_INFORMATION_FORMAT = dwarf;
				ENABLE_STRICT_OBJC_MSGSEND = YES;
				ENABLE_TESTABILITY = YES;
				GCC_C_LANGUAGE_STANDARD = gnu11;
				GCC_DYNAMIC_NO_PIC = NO;
				GCC_NO_COMMON_BLOCKS = YES;
				GCC_OPTIMIZATION_LEVEL = 0;
				GCC_PREPROCESSOR_DEFINITIONS = (
					"DEBUG=1",
					"$(inherited)",
				);
				GCC_WARN_64_TO_32_BIT_CONVERSION = YES;
				GCC_WARN_ABOUT_RETURN_TYPE = YES_ERROR;
				GCC_WARN_UNDECLARED_SELECTOR = YES;
				GCC_WARN_UNINITIALIZED_AUTOS = YES_AGGRESSIVE;
				GCC_WARN_UNUSED_FUNCTION = YES;
				GCC_WARN_UNUSED_VARIABLE = YES;
				IPHONEOS_DEPLOYMENT_TARGET = 11.4;
				MTL_ENABLE_DEBUG_INFO = YES;
				ONLY_ACTIVE_ARCH = YES;
				SDKROOT = iphoneos;
				SWIFT_ACTIVE_COMPILATION_CONDITIONS = DEBUG;
				SWIFT_OPTIMIZATION_LEVEL = "-Onone";
			};
			name = Debug;
		};
		324CAA4C2118DD5100F96BB9 /* Release */ = {
			isa = XCBuildConfiguration;
			buildSettings = {
				ALWAYS_SEARCH_USER_PATHS = NO;
				CLANG_ANALYZER_NONNULL = YES;
				CLANG_ANALYZER_NUMBER_OBJECT_CONVERSION = YES_AGGRESSIVE;
				CLANG_CXX_LANGUAGE_STANDARD = "gnu++14";
				CLANG_CXX_LIBRARY = "libc++";
				CLANG_ENABLE_MODULES = YES;
				CLANG_ENABLE_OBJC_ARC = YES;
				CLANG_ENABLE_OBJC_WEAK = YES;
				CLANG_WARN_BLOCK_CAPTURE_AUTORELEASING = YES;
				CLANG_WARN_BOOL_CONVERSION = YES;
				CLANG_WARN_COMMA = YES;
				CLANG_WARN_CONSTANT_CONVERSION = YES;
				CLANG_WARN_DEPRECATED_OBJC_IMPLEMENTATIONS = YES;
				CLANG_WARN_DIRECT_OBJC_ISA_USAGE = YES_ERROR;
				CLANG_WARN_DOCUMENTATION_COMMENTS = YES;
				CLANG_WARN_EMPTY_BODY = YES;
				CLANG_WARN_ENUM_CONVERSION = YES;
				CLANG_WARN_INFINITE_RECURSION = YES;
				CLANG_WARN_INT_CONVERSION = YES;
				CLANG_WARN_NON_LITERAL_NULL_CONVERSION = YES;
				CLANG_WARN_OBJC_IMPLICIT_RETAIN_SELF = YES;
				CLANG_WARN_OBJC_LITERAL_CONVERSION = YES;
				CLANG_WARN_OBJC_ROOT_CLASS = YES_ERROR;
				CLANG_WARN_RANGE_LOOP_ANALYSIS = YES;
				CLANG_WARN_STRICT_PROTOTYPES = YES;
				CLANG_WARN_SUSPICIOUS_MOVE = YES;
				CLANG_WARN_UNGUARDED_AVAILABILITY = YES_AGGRESSIVE;
				CLANG_WARN_UNREACHABLE_CODE = YES;
				CLANG_WARN__DUPLICATE_METHOD_MATCH = YES;
				CODE_SIGN_IDENTITY = "iPhone Developer";
				COPY_PHASE_STRIP = NO;
				DEBUG_INFORMATION_FORMAT = "dwarf-with-dsym";
				ENABLE_NS_ASSERTIONS = NO;
				ENABLE_STRICT_OBJC_MSGSEND = YES;
				GCC_C_LANGUAGE_STANDARD = gnu11;
				GCC_NO_COMMON_BLOCKS = YES;
				GCC_WARN_64_TO_32_BIT_CONVERSION = YES;
				GCC_WARN_ABOUT_RETURN_TYPE = YES_ERROR;
				GCC_WARN_UNDECLARED_SELECTOR = YES;
				GCC_WARN_UNINITIALIZED_AUTOS = YES_AGGRESSIVE;
				GCC_WARN_UNUSED_FUNCTION = YES;
				GCC_WARN_UNUSED_VARIABLE = YES;
				IPHONEOS_DEPLOYMENT_TARGET = 11.4;
				MTL_ENABLE_DEBUG_INFO = NO;
				SDKROOT = iphoneos;
				SWIFT_COMPILATION_MODE = wholemodule;
				SWIFT_OPTIMIZATION_LEVEL = "-O";
				VALIDATE_PRODUCT = YES;
			};
			name = Release;
		};
		324CAA4E2118DD5100F96BB9 /* Debug */ = {
			isa = XCBuildConfiguration;
			baseConfigurationReference = E0B268C5B4235DBC2C924EF1 /* Pods-Cropper.debug.xcconfig */;
			buildSettings = {
				ASSETCATALOG_COMPILER_APPICON_NAME = AppIcon;
				CODE_SIGN_STYLE = Automatic;
				DEVELOPMENT_TEAM = Y8E5YT8AUH;
				INFOPLIST_FILE = Cropper/Info.plist;
				LD_RUNPATH_SEARCH_PATHS = (
					"$(inherited)",
					"@executable_path/Frameworks",
				);
				PRODUCT_BUNDLE_IDENTIFIER = com.MG.Cropper;
				PRODUCT_NAME = "$(TARGET_NAME)";
				SWIFT_VERSION = 4.0;
				TARGETED_DEVICE_FAMILY = "1,2";
			};
			name = Debug;
		};
		324CAA4F2118DD5100F96BB9 /* Release */ = {
			isa = XCBuildConfiguration;
			baseConfigurationReference = 8EE8D49222C88D0E7A0284C5 /* Pods-Cropper.release.xcconfig */;
			buildSettings = {
				ASSETCATALOG_COMPILER_APPICON_NAME = AppIcon;
				CODE_SIGN_STYLE = Automatic;
				DEVELOPMENT_TEAM = Y8E5YT8AUH;
				INFOPLIST_FILE = Cropper/Info.plist;
				LD_RUNPATH_SEARCH_PATHS = (
					"$(inherited)",
					"@executable_path/Frameworks",
				);
				PRODUCT_BUNDLE_IDENTIFIER = com.MG.Cropper;
				PRODUCT_NAME = "$(TARGET_NAME)";
				SWIFT_VERSION = 4.0;
				TARGETED_DEVICE_FAMILY = "1,2";
			};
			name = Release;
		};
/* End XCBuildConfiguration section */

/* Begin XCConfigurationList section */
		324CAA362118DD4600F96BB9 /* Build configuration list for PBXProject "Cropper" */ = {
			isa = XCConfigurationList;
			buildConfigurations = (
				324CAA4B2118DD5100F96BB9 /* Debug */,
				324CAA4C2118DD5100F96BB9 /* Release */,
			);
			defaultConfigurationIsVisible = 0;
			defaultConfigurationName = Release;
		};
		324CAA4D2118DD5100F96BB9 /* Build configuration list for PBXNativeTarget "Cropper" */ = {
			isa = XCConfigurationList;
			buildConfigurations = (
				324CAA4E2118DD5100F96BB9 /* Debug */,
				324CAA4F2118DD5100F96BB9 /* Release */,
			);
			defaultConfigurationIsVisible = 0;
			defaultConfigurationName = Release;
		};
/* End XCConfigurationList section */
	};
	rootObject = 324CAA332118DD4600F96BB9 /* Project object */;
}
